
Microsoft Visual Studio Solution File, Format Version 12.00
# Visual Studio Version 17
VisualStudioVersion = 17.4.33403.182
MinimumVisualStudioVersion = 10.0.40219.1
Project("{9A19103F-16F7-4668-BE54-9A1E7A4F7556}") = "Singleton", "Singleton\Singleton.csproj", "{BDCED2E7-9C2D-4E90-BEA8-6F4DF063A5AC}"
EndProject
Project("{2150E333-8FDC-42A3-9474-1A3956D46DE8}") = "A - Creational", "A - Creational", "{9D95A3E6-42B3-42E5-970D-60AC9F78E05B}"
EndProject
Project("{9A19103F-16F7-4668-BE54-9A1E7A4F7556}") = "FactoryMethod", "FactoryMethod\FactoryMethod.csproj", "{53433C50-34ED-4E6D-9EB3-7E7C54552CCD}"
EndProject
Project("{9A19103F-16F7-4668-BE54-9A1E7A4F7556}") = "AbstractFactory", "AbstractFactory\AbstractFactory.csproj", "{0CA3D865-17F1-410E-89D9-92516E54CC2E}"
EndProject
Project("{2150E333-8FDC-42A3-9474-1A3956D46DE8}") = "01 - Singleton", "01 - Singleton", "{0A085321-DD38-49FD-BA84-21B57CCD3B93}"
EndProject
Project("{2150E333-8FDC-42A3-9474-1A3956D46DE8}") = "02 - Factory Method", "02 - Factory Method", "{A85F08CB-4617-40BE-81BC-116C2A70A7E9}"
EndProject
Project("{2150E333-8FDC-42A3-9474-1A3956D46DE8}") = "03 - Abstract Factory", "03 - Abstract Factory", "{12D551F0-762F-4D0D-AEEF-F30672EE1C08}"
EndProject
Project("{2150E333-8FDC-42A3-9474-1A3956D46DE8}") = "04 - Builder", "04 - Builder", "{92C385A9-2A3A-4CDC-9901-713E0A64193B}"
EndProject
Project("{9A19103F-16F7-4668-BE54-9A1E7A4F7556}") = "Builder", "Builder\Builder.csproj", "{C49787BE-50F9-4A41-8F3B-FD9A3A5BCF88}"
EndProject
Project("{2150E333-8FDC-42A3-9474-1A3956D46DE8}") = "05 - Prototype", "05 - Prototype", "{9D9B493E-51D2-4700-93B5-A362D4401227}"
EndProject
Project("{9A19103F-16F7-4668-BE54-9A1E7A4F7556}") = "Prototype", "Prototype\Prototype.csproj", "{EF0B934C-8A1A-46CC-9C45-97F017CE4858}"
EndProject
Project("{2150E333-8FDC-42A3-9474-1A3956D46DE8}") = "B - Structural", "B - Structural", "{C8BC7E16-16A7-4E8A-AB3F-B2B5E7E3B62F}"
EndProject
Project("{2150E333-8FDC-42A3-9474-1A3956D46DE8}") = "06 - Adapter", "06 - Adapter", "{CF092EC0-7CFF-402C-A34D-42F361EC6C88}"
EndProject
Project("{9A19103F-16F7-4668-BE54-9A1E7A4F7556}") = "Adapter", "Adapter\Adapter.csproj", "{A1A36FDC-2B9F-4570-8F81-CEF68E8C708A}"
EndProject
Project("{2150E333-8FDC-42A3-9474-1A3956D46DE8}") = "07 - Bridge", "07 - Bridge", "{7B1FE87F-597D-40D3-873F-9AE117B210B3}"
EndProject
Project("{9A19103F-16F7-4668-BE54-9A1E7A4F7556}") = "Bridge", "Bridge\Bridge.csproj", "{782FC15B-47AF-4BDA-B689-5A6772EE88EB}"
EndProject
Project("{2150E333-8FDC-42A3-9474-1A3956D46DE8}") = "08 - Decorator", "08 - Decorator", "{64B00D3E-F2C1-46EE-B599-26C60969E8F1}"
EndProject
Project("{9A19103F-16F7-4668-BE54-9A1E7A4F7556}") = "Decorator", "Decorator\Decorator.csproj", "{C6DC4331-3C4E-454A-AF7B-E7BF6471D11E}"
EndProject
Project("{2150E333-8FDC-42A3-9474-1A3956D46DE8}") = "09 - Composite", "09 - Composite", "{C6F31736-002A-43C3-B4C3-77948B55580E}"
EndProject
Project("{9A19103F-16F7-4668-BE54-9A1E7A4F7556}") = "Composite", "Compose\Composite.csproj", "{46F81E58-7B80-4783-AA58-28526C4353DF}"
EndProject
Project("{2150E333-8FDC-42A3-9474-1A3956D46DE8}") = "10 - Facade", "10 - Facade", "{00412AFA-6579-42C9-AC56-022C02794EEB}"
EndProject
Project("{9A19103F-16F7-4668-BE54-9A1E7A4F7556}") = "Facade", "Facade\Facade.csproj", "{27EDF2F1-18C8-4923-9EB8-64B2EDAB2DA0}"
EndProject
Project("{2150E333-8FDC-42A3-9474-1A3956D46DE8}") = "11 - Proxy", "11 - Proxy", "{10964DEC-AFF0-471D-86EA-D9A63EB41601}"
EndProject
Project("{9A19103F-16F7-4668-BE54-9A1E7A4F7556}") = "Proxy", "Proxy\Proxy.csproj", "{5836DECE-705B-414A-84C0-E181FAB7A7EE}"
EndProject
Project("{2150E333-8FDC-42A3-9474-1A3956D46DE8}") = "12 - Flyweight", "12 - Flyweight", "{98890861-D13C-4116-80D0-FFCBDE3B4F02}"
EndProject
Project("{9A19103F-16F7-4668-BE54-9A1E7A4F7556}") = "Flyweight", "Flyweight\Flyweight.csproj", "{184DA57E-260C-425B-BE96-B3973B1262C7}"
EndProject
Project("{2150E333-8FDC-42A3-9474-1A3956D46DE8}") = "C - Behavioral", "C - Behavioral", "{449B64F7-5B7A-4BF4-B5EE-37673B4D1BE4}"
EndProject
Project("{2150E333-8FDC-42A3-9474-1A3956D46DE8}") = "13 - Template Method", "13 - Template Method", "{65D0F2A3-1053-46AF-AE15-CBA16BCF8DBB}"
EndProject
Project("{9A19103F-16F7-4668-BE54-9A1E7A4F7556}") = "TemplateMethod", "TemplateMethod\TemplateMethod.csproj", "{BBF33A08-1243-4BAD-85B2-66C583EE907E}"
EndProject
Project("{2150E333-8FDC-42A3-9474-1A3956D46DE8}") = "14 - Strategy", "14 - Strategy", "{40BA015E-48A7-4796-A53E-F499F4A6CD69}"
EndProject
Project("{9A19103F-16F7-4668-BE54-9A1E7A4F7556}") = "Strategy", "Strategy\Strategy.csproj", "{B946FBD4-EEA6-4C61-81F9-7F37596F9ED3}"
EndProject
Project("{2150E333-8FDC-42A3-9474-1A3956D46DE8}") = "15 - Command", "15 - Command", "{C25CF41E-3DBC-4456-837C-FAB8FAC6B96C}"
EndProject
Project("{9A19103F-16F7-4668-BE54-9A1E7A4F7556}") = "Command", "Command\Command.csproj", "{A7793EA2-2FF8-4E00-88E4-D18D221B3D76}"
EndProject
Project("{2150E333-8FDC-42A3-9474-1A3956D46DE8}") = "16 - Memento", "16 - Memento", "{A72852CA-226D-49DE-8056-D0264EA2CBEB}"
EndProject
Project("{9A19103F-16F7-4668-BE54-9A1E7A4F7556}") = "Memento", "Memento\Memento.csproj", "{FC6775CF-797D-41B6-9DE5-D4298756B064}"
EndProject
Project("{2150E333-8FDC-42A3-9474-1A3956D46DE8}") = "17 - Mediator", "17 - Mediator", "{EC14C6F5-5514-4317-B1CA-85CFC44450EB}"
EndProject
Project("{9A19103F-16F7-4668-BE54-9A1E7A4F7556}") = "Mediator", "Mediator\Mediator.csproj", "{D2666F7A-B892-41D6-8101-662B788869E4}"
EndProject
Project("{2150E333-8FDC-42A3-9474-1A3956D46DE8}") = "18 - Chain of Resonsability", "18 - Chain of Resonsability", "{2F4DE47D-4C01-4378-B61D-9E3846219A15}"
EndProject
Project("{9A19103F-16F7-4668-BE54-9A1E7A4F7556}") = "ChainOfResonsability", "ChainOfResonsability\ChainOfResonsability.csproj", "{45D36108-0060-4CEA-80C8-55141B5B1FD9}"
EndProject
Project("{2150E333-8FDC-42A3-9474-1A3956D46DE8}") = "19 - Observer", "19 - Observer", "{3AD124B8-B160-47AF-9203-9FCA35399F3C}"
EndProject
Project("{9A19103F-16F7-4668-BE54-9A1E7A4F7556}") = "Observer", "Observer\Observer.csproj", "{25064334-914C-40EC-A8FB-794344DE23CA}"
EndProject
Project("{2150E333-8FDC-42A3-9474-1A3956D46DE8}") = "20 - State", "20 - State", "{40F7A30A-4506-480C-B2C4-1D1427A1B69C}"
EndProject
Project("{9A19103F-16F7-4668-BE54-9A1E7A4F7556}") = "State", "State\State.csproj", "{02B664BD-A432-4CCE-88B7-BF9FA5D2185B}"
EndProject
Project("{2150E333-8FDC-42A3-9474-1A3956D46DE8}") = "21 - Iterator", "21 - Iterator", "{67D491F0-63F6-4D7B-8290-D1B68BC016AC}"
EndProject
Project("{FAE04EC0-301F-11D3-BF4B-00C04F79EFBC}") = "Iterator", "Iterator\Iterator.csproj", "{3DF3CD4A-C7A5-47FE-B1CB-D399A612DE6A}"
EndProject
Global
	GlobalSection(SolutionConfigurationPlatforms) = preSolution
		Debug|Any CPU = Debug|Any CPU
		Release|Any CPU = Release|Any CPU
	EndGlobalSection
	GlobalSection(ProjectConfigurationPlatforms) = postSolution
		{BDCED2E7-9C2D-4E90-BEA8-6F4DF063A5AC}.Debug|Any CPU.ActiveCfg = Debug|Any CPU
		{BDCED2E7-9C2D-4E90-BEA8-6F4DF063A5AC}.Debug|Any CPU.Build.0 = Debug|Any CPU
		{BDCED2E7-9C2D-4E90-BEA8-6F4DF063A5AC}.Release|Any CPU.ActiveCfg = Release|Any CPU
		{BDCED2E7-9C2D-4E90-BEA8-6F4DF063A5AC}.Release|Any CPU.Build.0 = Release|Any CPU
		{53433C50-34ED-4E6D-9EB3-7E7C54552CCD}.Debug|Any CPU.ActiveCfg = Debug|Any CPU
		{53433C50-34ED-4E6D-9EB3-7E7C54552CCD}.Debug|Any CPU.Build.0 = Debug|Any CPU
		{53433C50-34ED-4E6D-9EB3-7E7C54552CCD}.Release|Any CPU.ActiveCfg = Release|Any CPU
		{53433C50-34ED-4E6D-9EB3-7E7C54552CCD}.Release|Any CPU.Build.0 = Release|Any CPU
		{0CA3D865-17F1-410E-89D9-92516E54CC2E}.Debug|Any CPU.ActiveCfg = Debug|Any CPU
		{0CA3D865-17F1-410E-89D9-92516E54CC2E}.Debug|Any CPU.Build.0 = Debug|Any CPU
		{0CA3D865-17F1-410E-89D9-92516E54CC2E}.Release|Any CPU.ActiveCfg = Release|Any CPU
		{0CA3D865-17F1-410E-89D9-92516E54CC2E}.Release|Any CPU.Build.0 = Release|Any CPU
		{C49787BE-50F9-4A41-8F3B-FD9A3A5BCF88}.Debug|Any CPU.ActiveCfg = Debug|Any CPU
		{C49787BE-50F9-4A41-8F3B-FD9A3A5BCF88}.Debug|Any CPU.Build.0 = Debug|Any CPU
		{C49787BE-50F9-4A41-8F3B-FD9A3A5BCF88}.Release|Any CPU.ActiveCfg = Release|Any CPU
		{C49787BE-50F9-4A41-8F3B-FD9A3A5BCF88}.Release|Any CPU.Build.0 = Release|Any CPU
		{EF0B934C-8A1A-46CC-9C45-97F017CE4858}.Debug|Any CPU.ActiveCfg = Debug|Any CPU
		{EF0B934C-8A1A-46CC-9C45-97F017CE4858}.Debug|Any CPU.Build.0 = Debug|Any CPU
		{EF0B934C-8A1A-46CC-9C45-97F017CE4858}.Release|Any CPU.ActiveCfg = Release|Any CPU
		{EF0B934C-8A1A-46CC-9C45-97F017CE4858}.Release|Any CPU.Build.0 = Release|Any CPU
		{A1A36FDC-2B9F-4570-8F81-CEF68E8C708A}.Debug|Any CPU.ActiveCfg = Debug|Any CPU
		{A1A36FDC-2B9F-4570-8F81-CEF68E8C708A}.Debug|Any CPU.Build.0 = Debug|Any CPU
		{A1A36FDC-2B9F-4570-8F81-CEF68E8C708A}.Release|Any CPU.ActiveCfg = Release|Any CPU
		{A1A36FDC-2B9F-4570-8F81-CEF68E8C708A}.Release|Any CPU.Build.0 = Release|Any CPU
		{782FC15B-47AF-4BDA-B689-5A6772EE88EB}.Debug|Any CPU.ActiveCfg = Debug|Any CPU
		{782FC15B-47AF-4BDA-B689-5A6772EE88EB}.Debug|Any CPU.Build.0 = Debug|Any CPU
		{782FC15B-47AF-4BDA-B689-5A6772EE88EB}.Release|Any CPU.ActiveCfg = Release|Any CPU
		{782FC15B-47AF-4BDA-B689-5A6772EE88EB}.Release|Any CPU.Build.0 = Release|Any CPU
		{C6DC4331-3C4E-454A-AF7B-E7BF6471D11E}.Debug|Any CPU.ActiveCfg = Debug|Any CPU
		{C6DC4331-3C4E-454A-AF7B-E7BF6471D11E}.Debug|Any CPU.Build.0 = Debug|Any CPU
		{C6DC4331-3C4E-454A-AF7B-E7BF6471D11E}.Release|Any CPU.ActiveCfg = Release|Any CPU
		{C6DC4331-3C4E-454A-AF7B-E7BF6471D11E}.Release|Any CPU.Build.0 = Release|Any CPU
		{46F81E58-7B80-4783-AA58-28526C4353DF}.Debug|Any CPU.ActiveCfg = Debug|Any CPU
		{46F81E58-7B80-4783-AA58-28526C4353DF}.Debug|Any CPU.Build.0 = Debug|Any CPU
		{46F81E58-7B80-4783-AA58-28526C4353DF}.Release|Any CPU.ActiveCfg = Release|Any CPU
		{46F81E58-7B80-4783-AA58-28526C4353DF}.Release|Any CPU.Build.0 = Release|Any CPU
		{27EDF2F1-18C8-4923-9EB8-64B2EDAB2DA0}.Debug|Any CPU.ActiveCfg = Debug|Any CPU
		{27EDF2F1-18C8-4923-9EB8-64B2EDAB2DA0}.Debug|Any CPU.Build.0 = Debug|Any CPU
		{27EDF2F1-18C8-4923-9EB8-64B2EDAB2DA0}.Release|Any CPU.ActiveCfg = Release|Any CPU
		{27EDF2F1-18C8-4923-9EB8-64B2EDAB2DA0}.Release|Any CPU.Build.0 = Release|Any CPU
		{5836DECE-705B-414A-84C0-E181FAB7A7EE}.Debug|Any CPU.ActiveCfg = Debug|Any CPU
		{5836DECE-705B-414A-84C0-E181FAB7A7EE}.Debug|Any CPU.Build.0 = Debug|Any CPU
		{5836DECE-705B-414A-84C0-E181FAB7A7EE}.Release|Any CPU.ActiveCfg = Release|Any CPU
		{5836DECE-705B-414A-84C0-E181FAB7A7EE}.Release|Any CPU.Build.0 = Release|Any CPU
		{184DA57E-260C-425B-BE96-B3973B1262C7}.Debug|Any CPU.ActiveCfg = Debug|Any CPU
		{184DA57E-260C-425B-BE96-B3973B1262C7}.Debug|Any CPU.Build.0 = Debug|Any CPU
		{184DA57E-260C-425B-BE96-B3973B1262C7}.Release|Any CPU.ActiveCfg = Release|Any CPU
		{184DA57E-260C-425B-BE96-B3973B1262C7}.Release|Any CPU.Build.0 = Release|Any CPU
		{BBF33A08-1243-4BAD-85B2-66C583EE907E}.Debug|Any CPU.ActiveCfg = Debug|Any CPU
		{BBF33A08-1243-4BAD-85B2-66C583EE907E}.Debug|Any CPU.Build.0 = Debug|Any CPU
		{BBF33A08-1243-4BAD-85B2-66C583EE907E}.Release|Any CPU.ActiveCfg = Release|Any CPU
		{BBF33A08-1243-4BAD-85B2-66C583EE907E}.Release|Any CPU.Build.0 = Release|Any CPU
		{B946FBD4-EEA6-4C61-81F9-7F37596F9ED3}.Debug|Any CPU.ActiveCfg = Debug|Any CPU
		{B946FBD4-EEA6-4C61-81F9-7F37596F9ED3}.Debug|Any CPU.Build.0 = Debug|Any CPU
		{B946FBD4-EEA6-4C61-81F9-7F37596F9ED3}.Release|Any CPU.ActiveCfg = Release|Any CPU
		{B946FBD4-EEA6-4C61-81F9-7F37596F9ED3}.Release|Any CPU.Build.0 = Release|Any CPU
		{A7793EA2-2FF8-4E00-88E4-D18D221B3D76}.Debug|Any CPU.ActiveCfg = Debug|Any CPU
		{A7793EA2-2FF8-4E00-88E4-D18D221B3D76}.Debug|Any CPU.Build.0 = Debug|Any CPU
		{A7793EA2-2FF8-4E00-88E4-D18D221B3D76}.Release|Any CPU.ActiveCfg = Release|Any CPU
		{A7793EA2-2FF8-4E00-88E4-D18D221B3D76}.Release|Any CPU.Build.0 = Release|Any CPU
		{FC6775CF-797D-41B6-9DE5-D4298756B064}.Debug|Any CPU.ActiveCfg = Debug|Any CPU
		{FC6775CF-797D-41B6-9DE5-D4298756B064}.Debug|Any CPU.Build.0 = Debug|Any CPU
		{FC6775CF-797D-41B6-9DE5-D4298756B064}.Release|Any CPU.ActiveCfg = Release|Any CPU
		{FC6775CF-797D-41B6-9DE5-D4298756B064}.Release|Any CPU.Build.0 = Release|Any CPU
		{D2666F7A-B892-41D6-8101-662B788869E4}.Debug|Any CPU.ActiveCfg = Debug|Any CPU
		{D2666F7A-B892-41D6-8101-662B788869E4}.Debug|Any CPU.Build.0 = Debug|Any CPU
		{D2666F7A-B892-41D6-8101-662B788869E4}.Release|Any CPU.ActiveCfg = Release|Any CPU
		{D2666F7A-B892-41D6-8101-662B788869E4}.Release|Any CPU.Build.0 = Release|Any CPU
		{45D36108-0060-4CEA-80C8-55141B5B1FD9}.Debug|Any CPU.ActiveCfg = Debug|Any CPU
		{45D36108-0060-4CEA-80C8-55141B5B1FD9}.Debug|Any CPU.Build.0 = Debug|Any CPU
		{45D36108-0060-4CEA-80C8-55141B5B1FD9}.Release|Any CPU.ActiveCfg = Release|Any CPU
		{45D36108-0060-4CEA-80C8-55141B5B1FD9}.Release|Any CPU.Build.0 = Release|Any CPU
		{25064334-914C-40EC-A8FB-794344DE23CA}.Debug|Any CPU.ActiveCfg = Debug|Any CPU
		{25064334-914C-40EC-A8FB-794344DE23CA}.Debug|Any CPU.Build.0 = Debug|Any CPU
		{25064334-914C-40EC-A8FB-794344DE23CA}.Release|Any CPU.ActiveCfg = Release|Any CPU
		{25064334-914C-40EC-A8FB-794344DE23CA}.Release|Any CPU.Build.0 = Release|Any CPU
		{02B664BD-A432-4CCE-88B7-BF9FA5D2185B}.Debug|Any CPU.ActiveCfg = Debug|Any CPU
		{02B664BD-A432-4CCE-88B7-BF9FA5D2185B}.Debug|Any CPU.Build.0 = Debug|Any CPU
		{02B664BD-A432-4CCE-88B7-BF9FA5D2185B}.Release|Any CPU.ActiveCfg = Release|Any CPU
		{02B664BD-A432-4CCE-88B7-BF9FA5D2185B}.Release|Any CPU.Build.0 = Release|Any CPU
		{3DF3CD4A-C7A5-47FE-B1CB-D399A612DE6A}.Debug|Any CPU.ActiveCfg = Debug|Any CPU
		{3DF3CD4A-C7A5-47FE-B1CB-D399A612DE6A}.Debug|Any CPU.Build.0 = Debug|Any CPU
		{3DF3CD4A-C7A5-47FE-B1CB-D399A612DE6A}.Release|Any CPU.ActiveCfg = Release|Any CPU
		{3DF3CD4A-C7A5-47FE-B1CB-D399A612DE6A}.Release|Any CPU.Build.0 = Release|Any CPU
	EndGlobalSection
	GlobalSection(SolutionProperties) = preSolution
		HideSolutionNode = FALSE
	EndGlobalSection
	GlobalSection(NestedProjects) = preSolution
		{BDCED2E7-9C2D-4E90-BEA8-6F4DF063A5AC} = {0A085321-DD38-49FD-BA84-21B57CCD3B93}
		{53433C50-34ED-4E6D-9EB3-7E7C54552CCD} = {A85F08CB-4617-40BE-81BC-116C2A70A7E9}
		{0CA3D865-17F1-410E-89D9-92516E54CC2E} = {12D551F0-762F-4D0D-AEEF-F30672EE1C08}
		{0A085321-DD38-49FD-BA84-21B57CCD3B93} = {9D95A3E6-42B3-42E5-970D-60AC9F78E05B}
		{A85F08CB-4617-40BE-81BC-116C2A70A7E9} = {9D95A3E6-42B3-42E5-970D-60AC9F78E05B}
		{12D551F0-762F-4D0D-AEEF-F30672EE1C08} = {9D95A3E6-42B3-42E5-970D-60AC9F78E05B}
		{92C385A9-2A3A-4CDC-9901-713E0A64193B} = {9D95A3E6-42B3-42E5-970D-60AC9F78E05B}
		{C49787BE-50F9-4A41-8F3B-FD9A3A5BCF88} = {92C385A9-2A3A-4CDC-9901-713E0A64193B}
		{9D9B493E-51D2-4700-93B5-A362D4401227} = {9D95A3E6-42B3-42E5-970D-60AC9F78E05B}
		{EF0B934C-8A1A-46CC-9C45-97F017CE4858} = {9D9B493E-51D2-4700-93B5-A362D4401227}
		{CF092EC0-7CFF-402C-A34D-42F361EC6C88} = {C8BC7E16-16A7-4E8A-AB3F-B2B5E7E3B62F}
		{A1A36FDC-2B9F-4570-8F81-CEF68E8C708A} = {CF092EC0-7CFF-402C-A34D-42F361EC6C88}
		{7B1FE87F-597D-40D3-873F-9AE117B210B3} = {C8BC7E16-16A7-4E8A-AB3F-B2B5E7E3B62F}
		{782FC15B-47AF-4BDA-B689-5A6772EE88EB} = {7B1FE87F-597D-40D3-873F-9AE117B210B3}
		{64B00D3E-F2C1-46EE-B599-26C60969E8F1} = {C8BC7E16-16A7-4E8A-AB3F-B2B5E7E3B62F}
		{C6DC4331-3C4E-454A-AF7B-E7BF6471D11E} = {64B00D3E-F2C1-46EE-B599-26C60969E8F1}
		{C6F31736-002A-43C3-B4C3-77948B55580E} = {C8BC7E16-16A7-4E8A-AB3F-B2B5E7E3B62F}
		{46F81E58-7B80-4783-AA58-28526C4353DF} = {C6F31736-002A-43C3-B4C3-77948B55580E}
		{00412AFA-6579-42C9-AC56-022C02794EEB} = {C8BC7E16-16A7-4E8A-AB3F-B2B5E7E3B62F}
		{27EDF2F1-18C8-4923-9EB8-64B2EDAB2DA0} = {00412AFA-6579-42C9-AC56-022C02794EEB}
		{10964DEC-AFF0-471D-86EA-D9A63EB41601} = {C8BC7E16-16A7-4E8A-AB3F-B2B5E7E3B62F}
		{5836DECE-705B-414A-84C0-E181FAB7A7EE} = {10964DEC-AFF0-471D-86EA-D9A63EB41601}
		{98890861-D13C-4116-80D0-FFCBDE3B4F02} = {C8BC7E16-16A7-4E8A-AB3F-B2B5E7E3B62F}
		{184DA57E-260C-425B-BE96-B3973B1262C7} = {98890861-D13C-4116-80D0-FFCBDE3B4F02}
		{65D0F2A3-1053-46AF-AE15-CBA16BCF8DBB} = {449B64F7-5B7A-4BF4-B5EE-37673B4D1BE4}
		{BBF33A08-1243-4BAD-85B2-66C583EE907E} = {65D0F2A3-1053-46AF-AE15-CBA16BCF8DBB}
		{40BA015E-48A7-4796-A53E-F499F4A6CD69} = {449B64F7-5B7A-4BF4-B5EE-37673B4D1BE4}
		{B946FBD4-EEA6-4C61-81F9-7F37596F9ED3} = {40BA015E-48A7-4796-A53E-F499F4A6CD69}
		{C25CF41E-3DBC-4456-837C-FAB8FAC6B96C} = {449B64F7-5B7A-4BF4-B5EE-37673B4D1BE4}
		{A7793EA2-2FF8-4E00-88E4-D18D221B3D76} = {C25CF41E-3DBC-4456-837C-FAB8FAC6B96C}
		{A72852CA-226D-49DE-8056-D0264EA2CBEB} = {449B64F7-5B7A-4BF4-B5EE-37673B4D1BE4}
		{FC6775CF-797D-41B6-9DE5-D4298756B064} = {A72852CA-226D-49DE-8056-D0264EA2CBEB}
		{EC14C6F5-5514-4317-B1CA-85CFC44450EB} = {449B64F7-5B7A-4BF4-B5EE-37673B4D1BE4}
		{D2666F7A-B892-41D6-8101-662B788869E4} = {EC14C6F5-5514-4317-B1CA-85CFC44450EB}
		{2F4DE47D-4C01-4378-B61D-9E3846219A15} = {449B64F7-5B7A-4BF4-B5EE-37673B4D1BE4}
		{45D36108-0060-4CEA-80C8-55141B5B1FD9} = {2F4DE47D-4C01-4378-B61D-9E3846219A15}
		{3AD124B8-B160-47AF-9203-9FCA35399F3C} = {449B64F7-5B7A-4BF4-B5EE-37673B4D1BE4}
		{25064334-914C-40EC-A8FB-794344DE23CA} = {3AD124B8-B160-47AF-9203-9FCA35399F3C}
		{40F7A30A-4506-480C-B2C4-1D1427A1B69C} = {449B64F7-5B7A-4BF4-B5EE-37673B4D1BE4}
		{02B664BD-A432-4CCE-88B7-BF9FA5D2185B} = {40F7A30A-4506-480C-B2C4-1D1427A1B69C}
		{67D491F0-63F6-4D7B-8290-D1B68BC016AC} = {449B64F7-5B7A-4BF4-B5EE-37673B4D1BE4}
		{3DF3CD4A-C7A5-47FE-B1CB-D399A612DE6A} = {67D491F0-63F6-4D7B-8290-D1B68BC016AC}
	EndGlobalSection
	GlobalSection(ExtensibilityGlobals) = postSolution
		SolutionGuid = {5BB686EE-5E58-4A64-A51C-F89C84672344}
	EndGlobalSection
EndGlobal
